// !$*UTF8*$!
{
	archiveVersion = 1;
	classes = {
	};
	objectVersion = 46;
	objects = {

/* Begin PBXBuildFile section */
		870821D11F1B9FD7002A3310 /* AppDelegate.swift in Sources */ = {isa = PBXBuildFile; fileRef = 870821D01F1B9FD7002A3310 /* AppDelegate.swift */; };
		870821D31F1B9FD7002A3310 /* DEPRECATEDViewController.swift in Sources */ = {isa = PBXBuildFile; fileRef = 870821D21F1B9FD7002A3310 /* DEPRECATEDViewController.swift */; };
		870821D61F1B9FD7002A3310 /* Main.storyboard in Resources */ = {isa = PBXBuildFile; fileRef = 870821D41F1B9FD7002A3310 /* Main.storyboard */; };
		870821D81F1B9FD7002A3310 /* Assets.xcassets in Resources */ = {isa = PBXBuildFile; fileRef = 870821D71F1B9FD7002A3310 /* Assets.xcassets */; };
		870821DB1F1B9FD7002A3310 /* LaunchScreen.storyboard in Resources */ = {isa = PBXBuildFile; fileRef = 870821D91F1B9FD7002A3310 /* LaunchScreen.storyboard */; };
		870822261F1C3004002A3310 /* DataModel.swift in Sources */ = {isa = PBXBuildFile; fileRef = 870822251F1C3004002A3310 /* DataModel.swift */; };
		E106B7391F7B4139008DF4DB /* HobbySCUBAViewController.swift in Sources */ = {isa = PBXBuildFile; fileRef = E106B7381F7B4139008DF4DB /* HobbySCUBAViewController.swift */; };
		E120BB621F79AF86006B18C8 /* DukePersonPageViewController.swift in Sources */ = {isa = PBXBuildFile; fileRef = E120BB611F79AF86006B18C8 /* DukePersonPageViewController.swift */; };
		E120BB641F79C092006B18C8 /* DukePersonTableViewController.swift in Sources */ = {isa = PBXBuildFile; fileRef = E120BB631F79C092006B18C8 /* DukePersonTableViewController.swift */; };
		E16006191F71C5BB002B7ABE /* DukePersonTableViewCell.swift in Sources */ = {isa = PBXBuildFile; fileRef = E16006181F71C5BB002B7ABE /* DukePersonTableViewCell.swift */; };
		E160061B1F7208C0002B7ABE /* DukePeopleTableViewController.swift in Sources */ = {isa = PBXBuildFile; fileRef = E160061A1F7208C0002B7ABE /* DukePeopleTableViewController.swift */; };
		E160061D1F721D49002B7ABE /* DEPRECATEDDukePersonViewController.swift in Sources */ = {isa = PBXBuildFile; fileRef = E160061C1F721D49002B7ABE /* DEPRECATEDDukePersonViewController.swift */; };
/* End PBXBuildFile section */

/* Begin PBXFileReference section */
		870821CD1F1B9FD7002A3310 /* ECE564_F17_HOMEWORK.app */ = {isa = PBXFileReference; explicitFileType = wrapper.application; includeInIndex = 0; path = ECE564_F17_HOMEWORK.app; sourceTree = BUILT_PRODUCTS_DIR; };
		870821D01F1B9FD7002A3310 /* AppDelegate.swift */ = {isa = PBXFileReference; lastKnownFileType = sourcecode.swift; path = AppDelegate.swift; sourceTree = "<group>"; };
		870821D21F1B9FD7002A3310 /* DEPRECATEDViewController.swift */ = {isa = PBXFileReference; lastKnownFileType = sourcecode.swift; path = DEPRECATEDViewController.swift; sourceTree = "<group>"; };
		870821D51F1B9FD7002A3310 /* Base */ = {isa = PBXFileReference; lastKnownFileType = file.storyboard; name = Base; path = Base.lproj/Main.storyboard; sourceTree = "<group>"; };
		870821D71F1B9FD7002A3310 /* Assets.xcassets */ = {isa = PBXFileReference; lastKnownFileType = folder.assetcatalog; path = Assets.xcassets; sourceTree = "<group>"; };
		870821DA1F1B9FD7002A3310 /* Base */ = {isa = PBXFileReference; lastKnownFileType = file.storyboard; name = Base; path = Base.lproj/LaunchScreen.storyboard; sourceTree = "<group>"; };
		870821DC1F1B9FD7002A3310 /* Info.plist */ = {isa = PBXFileReference; lastKnownFileType = text.plist.xml; path = Info.plist; sourceTree = "<group>"; };
		870821E61F1BA1B1002A3310 /* HW1.playground */ = {isa = PBXFileReference; lastKnownFileType = file.playground; path = HW1.playground; sourceTree = "<group>"; };
		870822251F1C3004002A3310 /* DataModel.swift */ = {isa = PBXFileReference; fileEncoding = 4; lastKnownFileType = sourcecode.swift; path = DataModel.swift; sourceTree = "<group>"; };
		E106B7381F7B4139008DF4DB /* HobbySCUBAViewController.swift */ = {isa = PBXFileReference; fileEncoding = 4; lastKnownFileType = sourcecode.swift; path = HobbySCUBAViewController.swift; sourceTree = "<group>"; };
		E120BB611F79AF86006B18C8 /* DukePersonPageViewController.swift */ = {isa = PBXFileReference; fileEncoding = 4; lastKnownFileType = sourcecode.swift; path = DukePersonPageViewController.swift; sourceTree = "<group>"; };
		E120BB631F79C092006B18C8 /* DukePersonTableViewController.swift */ = {isa = PBXFileReference; fileEncoding = 4; lastKnownFileType = sourcecode.swift; path = DukePersonTableViewController.swift; sourceTree = "<group>"; };
		E12888E61F5FBBE5005BF57B /* README.md */ = {isa = PBXFileReference; fileEncoding = 4; lastKnownFileType = net.daringfireball.markdown; path = README.md; sourceTree = "<group>"; };
		E16006181F71C5BB002B7ABE /* DukePersonTableViewCell.swift */ = {isa = PBXFileReference; fileEncoding = 4; lastKnownFileType = sourcecode.swift; path = DukePersonTableViewCell.swift; sourceTree = "<group>"; };
		E160061A1F7208C0002B7ABE /* DukePeopleTableViewController.swift */ = {isa = PBXFileReference; fileEncoding = 4; lastKnownFileType = sourcecode.swift; path = DukePeopleTableViewController.swift; sourceTree = "<group>"; };
		E160061C1F721D49002B7ABE /* DEPRECATEDDukePersonViewController.swift */ = {isa = PBXFileReference; fileEncoding = 4; lastKnownFileType = sourcecode.swift; path = DEPRECATEDDukePersonViewController.swift; sourceTree = "<group>"; };
/* End PBXFileReference section */

/* Begin PBXFrameworksBuildPhase section */
		870821CA1F1B9FD7002A3310 /* Frameworks */ = {
			isa = PBXFrameworksBuildPhase;
			buildActionMask = 2147483647;
			files = (
			);
			runOnlyForDeploymentPostprocessing = 0;
		};
/* End PBXFrameworksBuildPhase section */

/* Begin PBXGroup section */
		870821C41F1B9FD7002A3310 = {
			isa = PBXGroup;
			children = (
				E12888E61F5FBBE5005BF57B /* README.md */,
				870821E61F1BA1B1002A3310 /* HW1.playground */,
				870821CF1F1B9FD7002A3310 /* ECE564_F17_HOMEWORK */,
				870821CE1F1B9FD7002A3310 /* Products */,
			);
			sourceTree = "<group>";
		};
		870821CE1F1B9FD7002A3310 /* Products */ = {
			isa = PBXGroup;
			children = (
				870821CD1F1B9FD7002A3310 /* ECE564_F17_HOMEWORK.app */,
			);
			name = Products;
			sourceTree = "<group>";
		};
		870821CF1F1B9FD7002A3310 /* ECE564_F17_HOMEWORK */ = {
			isa = PBXGroup;
			children = (
				870821D01F1B9FD7002A3310 /* AppDelegate.swift */,
				870821D21F1B9FD7002A3310 /* DEPRECATEDViewController.swift */,
				E160061C1F721D49002B7ABE /* DEPRECATEDDukePersonViewController.swift */,
				E16006181F71C5BB002B7ABE /* DukePersonTableViewCell.swift */,
				E120BB611F79AF86006B18C8 /* DukePersonPageViewController.swift */,
				E160061A1F7208C0002B7ABE /* DukePeopleTableViewController.swift */,
				E120BB631F79C092006B18C8 /* DukePersonTableViewController.swift */,
				870822251F1C3004002A3310 /* DataModel.swift */,
				870821D41F1B9FD7002A3310 /* Main.storyboard */,
				E106B7381F7B4139008DF4DB /* HobbySCUBAViewController.swift */,
				870821D71F1B9FD7002A3310 /* Assets.xcassets */,
				870821D91F1B9FD7002A3310 /* LaunchScreen.storyboard */,
				870821DC1F1B9FD7002A3310 /* Info.plist */,
			);
			path = ECE564_F17_HOMEWORK;
			sourceTree = "<group>";
		};
/* End PBXGroup section */

/* Begin PBXNativeTarget section */
		870821CC1F1B9FD7002A3310 /* ECE564_F17_HOMEWORK */ = {
			isa = PBXNativeTarget;
			buildConfigurationList = 870821DF1F1B9FD7002A3310 /* Build configuration list for PBXNativeTarget "ECE564_F17_HOMEWORK" */;
			buildPhases = (
				870821C91F1B9FD7002A3310 /* Sources */,
				870821CA1F1B9FD7002A3310 /* Frameworks */,
				870821CB1F1B9FD7002A3310 /* Resources */,
			);
			buildRules = (
			);
			dependencies = (
			);
			name = ECE564_F17_HOMEWORK;
			productName = ECE564_F17_HOMEWORK;
			productReference = 870821CD1F1B9FD7002A3310 /* ECE564_F17_HOMEWORK.app */;
			productType = "com.apple.product-type.application";
		};
/* End PBXNativeTarget section */

/* Begin PBXProject section */
		870821C51F1B9FD7002A3310 /* Project object */ = {
			isa = PBXProject;
			attributes = {
				LastSwiftUpdateCheck = 0830;
				LastUpgradeCheck = 0900;
				ORGANIZATIONNAME = ece564;
				TargetAttributes = {
					870821CC1F1B9FD7002A3310 = {
						CreatedOnToolsVersion = 8.3.3;
						DevelopmentTeam = B5CB79S8A3;
						LastSwiftMigration = 0900;
						ProvisioningStyle = Automatic;
					};
				};
			};
			buildConfigurationList = 870821C81F1B9FD7002A3310 /* Build configuration list for PBXProject "ECE564_F17_HOMEWORK" */;
			compatibilityVersion = "Xcode 3.2";
			developmentRegion = English;
			hasScannedForEncodings = 0;
			knownRegions = (
				en,
				Base,
			);
			mainGroup = 870821C41F1B9FD7002A3310;
			productRefGroup = 870821CE1F1B9FD7002A3310 /* Products */;
			projectDirPath = "";
			projectRoot = "";
			targets = (
				870821CC1F1B9FD7002A3310 /* ECE564_F17_HOMEWORK */,
			);
		};
/* End PBXProject section */

/* Begin PBXResourcesBuildPhase section */
		870821CB1F1B9FD7002A3310 /* Resources */ = {
			isa = PBXResourcesBuildPhase;
			buildActionMask = 2147483647;
			files = (
				870821DB1F1B9FD7002A3310 /* LaunchScreen.storyboard in Resources */,
				870821D81F1B9FD7002A3310 /* Assets.xcassets in Resources */,
				870821D61F1B9FD7002A3310 /* Main.storyboard in Resources */,
			);
			runOnlyForDeploymentPostprocessing = 0;
		};
/* End PBXResourcesBuildPhase section */

/* Begin PBXSourcesBuildPhase section */
		870821C91F1B9FD7002A3310 /* Sources */ = {
			isa = PBXSourcesBuildPhase;
			buildActionMask = 2147483647;
			files = (
				E120BB621F79AF86006B18C8 /* DukePersonPageViewController.swift in Sources */,
				870821D31F1B9FD7002A3310 /* DEPRECATEDViewController.swift in Sources */,
				870821D11F1B9FD7002A3310 /* AppDelegate.swift in Sources */,
				E160061D1F721D49002B7ABE /* DEPRECATEDDukePersonViewController.swift in Sources */,
				870822261F1C3004002A3310 /* DataModel.swift in Sources */,
				E106B7391F7B4139008DF4DB /* HobbySCUBAViewController.swift in Sources */,
				E120BB641F79C092006B18C8 /* DukePersonTableViewController.swift in Sources */,
				E160061B1F7208C0002B7ABE /* DukePeopleTableViewController.swift in Sources */,
				E16006191F71C5BB002B7ABE /* DukePersonTableViewCell.swift in Sources */,
			);
			runOnlyForDeploymentPostprocessing = 0;
		};
/* End PBXSourcesBuildPhase section */

/* Begin PBXVariantGroup section */
		870821D41F1B9FD7002A3310 /* Main.storyboard */ = {
			isa = PBXVariantGroup;
			children = (
				870821D51F1B9FD7002A3310 /* Base */,
			);
			name = Main.storyboard;
			sourceTree = "<group>";
		};
		870821D91F1B9FD7002A3310 /* LaunchScreen.storyboard */ = {
			isa = PBXVariantGroup;
			children = (
				870821DA1F1B9FD7002A3310 /* Base */,
			);
			name = LaunchScreen.storyboard;
			sourceTree = "<group>";
		};
/* End PBXVariantGroup section */

/* Begin XCBuildConfiguration section */
		870821DD1F1B9FD7002A3310 /* Debug */ = {
			isa = XCBuildConfiguration;
			buildSettings = {
				ALWAYS_SEARCH_USER_PATHS = NO;
				CLANG_ANALYZER_NONNULL = YES;
				CLANG_ANALYZER_NUMBER_OBJECT_CONVERSION = YES_AGGRESSIVE;
				CLANG_CXX_LANGUAGE_STANDARD = "gnu++0x";
				CLANG_CXX_LIBRARY = "libc++";
				CLANG_ENABLE_MODULES = YES;
				CLANG_ENABLE_OBJC_ARC = YES;
				CLANG_WARN_BOOL_CONVERSION = YES;
				CLANG_WARN_CONSTANT_CONVERSION = YES;
				CLANG_WARN_DIRECT_OBJC_ISA_USAGE = YES_ERROR;
				CLANG_WARN_DOCUMENTATION_COMMENTS = YES;
				CLANG_WARN_EMPTY_BODY = YES;
				CLANG_WARN_ENUM_CONVERSION = YES;
				CLANG_WARN_INFINITE_RECURSION = YES;
				CLANG_WARN_INT_CONVERSION = YES;
				CLANG_WARN_OBJC_ROOT_CLASS = YES_ERROR;
				CLANG_WARN_SUSPICIOUS_MOVE = YES;
				CLANG_WARN_UNREACHABLE_CODE = YES;
				CLANG_WARN__DUPLICATE_METHOD_MATCH = YES;
				"CODE_SIGN_IDENTITY[sdk=iphoneos*]" = "iPhone Developer";
				COPY_PHASE_STRIP = NO;
				DEBUG_INFORMATION_FORMAT = dwarf;
				ENABLE_STRICT_OBJC_MSGSEND = YES;
				ENABLE_TESTABILITY = YES;
				GCC_C_LANGUAGE_STANDARD = gnu99;
				GCC_DYNAMIC_NO_PIC = NO;
				GCC_NO_COMMON_BLOCKS = YES;
				GCC_OPTIMIZATION_LEVEL = 0;
				GCC_PREPROCESSOR_DEFINITIONS = (
					"DEBUG=1",
					"$(inherited)",
				);
				GCC_WARN_64_TO_32_BIT_CONVERSION = YES;
				GCC_WARN_ABOUT_RETURN_TYPE = YES_ERROR;
				GCC_WARN_UNDECLARED_SELECTOR = YES;
				GCC_WARN_UNINITIALIZED_AUTOS = YES_AGGRESSIVE;
				GCC_WARN_UNUSED_FUNCTION = YES;
				GCC_WARN_UNUSED_VARIABLE = YES;
				IPHONEOS_DEPLOYMENT_TARGET = 10.3;
				MTL_ENABLE_DEBUG_INFO = YES;
				ONLY_ACTIVE_ARCH = YES;
				SDKROOT = iphoneos;
				SWIFT_ACTIVE_COMPILATION_CONDITIONS = DEBUG;
				SWIFT_OPTIMIZATION_LEVEL = "-Onone";
				SWIFT_VERSION = 3.0;
				TARGETED_DEVICE_FAMILY = "1,2";
			};
			name = Debug;
		};
		870821DE1F1B9FD7002A3310 /* Release */ = {
			isa = XCBuildConfiguration;
			buildSettings = {
				ALWAYS_SEARCH_USER_PATHS = NO;
				CLANG_ANALYZER_NONNULL = YES;
				CLANG_ANALYZER_NUMBER_OBJECT_CONVERSION = YES_AGGRESSIVE;
				CLANG_CXX_LANGUAGE_STANDARD = "gnu++0x";
				CLANG_CXX_LIBRARY = "libc++";
				CLANG_ENABLE_MODULES = YES;
				CLANG_ENABLE_OBJC_ARC = YES;
				CLANG_WARN_BOOL_CONVERSION = YES;
				CLANG_WARN_CONSTANT_CONVERSION = YES;
				CLANG_WARN_DIRECT_OBJC_ISA_USAGE = YES_ERROR;
				CLANG_WARN_DOCUMENTATION_COMMENTS = YES;
				CLANG_WARN_EMPTY_BODY = YES;
				CLANG_WARN_ENUM_CONVERSION = YES;
				CLANG_WARN_INFINITE_RECURSION = YES;
				CLANG_WARN_INT_CONVERSION = YES;
				CLANG_WARN_OBJC_ROOT_CLASS = YES_ERROR;
				CLANG_WARN_SUSPICIOUS_MOVE = YES;
				CLANG_WARN_UNREACHABLE_CODE = YES;
				CLANG_WARN__DUPLICATE_METHOD_MATCH = YES;
				"CODE_SIGN_IDENTITY[sdk=iphoneos*]" = "iPhone Developer";
				COPY_PHASE_STRIP = NO;
				DEBUG_INFORMATION_FORMAT = "dwarf-with-dsym";
				ENABLE_NS_ASSERTIONS = NO;
				ENABLE_STRICT_OBJC_MSGSEND = YES;
				GCC_C_LANGUAGE_STANDARD = gnu99;
				GCC_NO_COMMON_BLOCKS = YES;
				GCC_WARN_64_TO_32_BIT_CONVERSION = YES;
				GCC_WARN_ABOUT_RETURN_TYPE = YES_ERROR;
				GCC_WARN_UNDECLARED_SELECTOR = YES;
				GCC_WARN_UNINITIALIZED_AUTOS = YES_AGGRESSIVE;
				GCC_WARN_UNUSED_FUNCTION = YES;
				GCC_WARN_UNUSED_VARIABLE = YES;
				IPHONEOS_DEPLOYMENT_TARGET = 10.3;
				MTL_ENABLE_DEBUG_INFO = NO;
				SDKROOT = iphoneos;
				SWIFT_OPTIMIZATION_LEVEL = "-Owholemodule";
				SWIFT_VERSION = 3.0;
				TARGETED_DEVICE_FAMILY = "1,2";
				VALIDATE_PRODUCT = YES;
			};
			name = Release;
		};
		870821E01F1B9FD7002A3310 /* Debug */ = {
			isa = XCBuildConfiguration;
			buildSettings = {
				ASSETCATALOG_COMPILER_APPICON_NAME = AppIcon;
				DEVELOPMENT_TEAM = B5CB79S8A3;
				INFOPLIST_FILE = ECE564_F17_HOMEWORK/Info.plist;
				IPHONEOS_DEPLOYMENT_TARGET = 10.2;
				LD_RUNPATH_SEARCH_PATHS = "$(inherited) @executable_path/Frameworks";
				PRODUCT_BUNDLE_IDENTIFIER = "rhs16.ECE564-F17-HOMEWORK";
				PRODUCT_NAME = "$(TARGET_NAME)";
				SWIFT_VERSION = 3.0;
				TARGETED_DEVICE_FAMILY = 1;
			};
			name = Debug;
		};
		870821E11F1B9FD7002A3310 /* Release */ = {
			isa = XCBuildConfiguration;
			buildSettings = {
				ASSETCATALOG_COMPILER_APPICON_NAME = AppIcon;
				DEVELOPMENT_TEAM = B5CB79S8A3;
				INFOPLIST_FILE = ECE564_F17_HOMEWORK/Info.plist;
				IPHONEOS_DEPLOYMENT_TARGET = 10.2;
				LD_RUNPATH_SEARCH_PATHS = "$(inherited) @executable_path/Frameworks";
				PRODUCT_BUNDLE_IDENTIFIER = "rhs16.ECE564-F17-HOMEWORK";
				PRODUCT_NAME = "$(TARGET_NAME)";
				SWIFT_VERSION = 3.0;
				TARGETED_DEVICE_FAMILY = 1;
			};
			name = Release;
		};
/* End XCBuildConfiguration section */

/* Begin XCConfigurationList section */
		870821C81F1B9FD7002A3310 /* Build configuration list for PBXProject "ECE564_F17_HOMEWORK" */ = {
			isa = XCConfigurationList;
			buildConfigurations = (
				870821DD1F1B9FD7002A3310 /* Debug */,
				870821DE1F1B9FD7002A3310 /* Release */,
			);
			defaultConfigurationIsVisible = 0;
			defaultConfigurationName = Release;
		};
		870821DF1F1B9FD7002A3310 /* Build configuration list for PBXNativeTarget "ECE564_F17_HOMEWORK" */ = {
			isa = XCConfigurationList;
			buildConfigurations = (
				870821E01F1B9FD7002A3310 /* Debug */,
				870821E11F1B9FD7002A3310 /* Release */,
			);
			defaultConfigurationIsVisible = 0;
			defaultConfigurationName = Release;
		};
/* End XCConfigurationList section */
	};
	rootObject = 870821C51F1B9FD7002A3310 /* Project object */;
}
